github.com/loup-brun/hugo-cite v0.0.0-20200531203544-a36b95a7233e h1:cjTVrl0RsH4iyGxdcEutdfHg6Yy6xCzkPc9T4yVIUX0=
github.com/loup-brun/hugo-cite v0.0.0-20200531203544-a36b95a7233e/go.mod h1:+TTOU0HWxpenuUlwa/l5h+7ygO4hiC/pf1IWkfIUjjc=
github.com/wowchemy/wowchemy-hugo-modules/netlify-cms-academic v0.0.0-20201129124759-cdcfa2da28e2 h1:9xMDzFv9AeLK1hk+/zUQZn9xMVEqnaEXLucTDmuV9wo=
github.com/wowchemy/wowchemy-hugo-modules/netlify-cms-academic v0.0.0-20201129124759-cdcfa2da28e2/go.mod h1:TU3QDPUdBSQnvDP5QVCwjAkBIdVMS/bKFA8jr3eI5AY=
github.com/wowchemy/wowchemy-hugo-modules/netlify-cms-academic v0.0.0-20201228231801-219b05cbd2c4 h1:taX+pKqywm2nxmGsVZNj2OCoW39yzLJHwfC4e3j2PO0=
github.com/wowchemy/wowchemy-hugo-modules/netlify-cms-academic v0.0.0-20201228231801-219b05cbd2c4/go.mod h1:TU3QDPUdBSQnvDP5QVCwjAkBIdVMS/bKFA8jr3eI5AY=
github.com/wowchemy/wowchemy-hugo-modules/netlify-cms-academic v0.0.0-20210123180413-7dbc1f73edfd h1:gxYgs31Q7LuGHdD3fe1CIbKzZvZgHlus6ngkl9tYYbU=
github.com/wowchemy/wowchemy-hugo-modules/netlify-cms-academic v0.0.0-20210123180413-7dbc1f73edfd/go.mod h1:TU3QDPUdBSQnvDP5QVCwjAkBIdVMS/bKFA8jr3eI5AY=
github.com/wowchemy/wowchemy-hugo-modules/netlify-cms-academic v0.0.0-20210210082528-c36f3b7878d9 h1:d8l8nftt5ak+J607yPvgd/hwD/+DrQp27/7MKofsSS8=
github.com/wowchemy/wowchemy-hugo-modules/netlify-cms-academic v0.0.0-20210210082528-c36f3b7878d9/go.mod h1:TU3QDPUdBSQnvDP5QVCwjAkBIdVMS/bKFA8jr3eI5AY=
github.com/wowchemy/wowchemy-hugo-modules/netlify-cms-academic v0.0.0-20210217222139-68595a20aead h1:AUOh3/FIwuOCFTdscpWsqkLfbV+aCOUPRchFU2XqfDk=
github.com/wowchemy/wowchemy-hugo-modules/netlify-cms-academic v0.0.0-20210217222139-68595a20aead/go.mod h1:TU3QDPUdBSQnvDP5QVCwjAkBIdVMS/bKFA8jr3eI5AY=
github.com/wowchemy/wowchemy-hugo-modules/netlify-cms-academic v0.0.0-20210226001249-33e92dc8cb16 h1:KoagqPQEnxkb44qspkYIXTWMnReeTvDWxgfrurPazIc=
github.com/wowchemy/wowchemy-hugo-modules/netlify-cms-academic v0.0.0-20210226001249-33e92dc8cb16/go.mod h1:TU3QDPUdBSQnvDP5QVCwjAkBIdVMS/bKFA8jr3eI5AY=
github.com/wowchemy/wowchemy-hugo-modules/netlify-cms-academic v0.0.0-20210226164504-3952bfc85cee h1:nCUBehYdZPz2Xyi+OSAh4cFtlF8JgxIgw/1uVXIEi5o=
github.com/wowchemy/wowchemy-hugo-modules/netlify-cms-academic v0.0.0-20210226164504-3952bfc85cee/go.mod h1:TU3QDPUdBSQnvDP5QVCwjAkBIdVMS/bKFA8jr3eI5AY=
github.com/wowchemy/wowchemy-hugo-modules/netlify-cms-academic v0.0.0-20210304190051-d70e23ef558a h1:c7IzmGOfoiIFAivZxWOscNnaMOpuOqworim3+mx2fDE=
github.com/wowchemy/wowchemy-hugo-modules/netlify-cms-academic v0.0.0-20210304190051-d70e23ef558a/go.mod h1:TU3QDPUdBSQnvDP5QVCwjAkBIdVMS/bKFA8jr3eI5AY=
github.com/wowchemy/wowchemy-hugo-modules/netlify-cms-academic v0.0.0-20210308212518-cf32fde82412 h1:ZtRyuQ8VfBX+raN/N0KT9FgpAVgLRkFnx2bx43YsuiY=
github.com/wowchemy/wowchemy-hugo-modules/netlify-cms-academic v0.0.0-20210308212518-cf32fde82412/go.mod h1:TU3QDPUdBSQnvDP5QVCwjAkBIdVMS/bKFA8jr3eI5AY=
github.com/wowchemy/wowchemy-hugo-modules/netlify-cms-academic v0.0.0-20210324194200-fda9f39d872e h1:GjAMh6V6/PbiV7RtT5QBzLSFmLH+qhg0vrfQTYRK7qY=
github.com/wowchemy/wowchemy-hugo-modules/netlify-cms-academic v0.0.0-20210324194200-fda9f39d872e/go.mod h1:TU3QDPUdBSQnvDP5QVCwjAkBIdVMS/bKFA8jr3eI5AY=
github.com/wowchemy/wowchemy-hugo-modules/wowchemy v0.0.0-20201129124759-cdcfa2da28e2 h1:gGFh4JB+4FzJEcj9rfQ6pkL+Ql4kQ+DxGcnKJYHKdrM=
github.com/wowchemy/wowchemy-hugo-modules/wowchemy v0.0.0-20201129124759-cdcfa2da28e2/go.mod h1:H22qfH9qj3FWwsk7+bAZpmT24yRGNQURah2/IRwjbn8=
github.com/wowchemy/wowchemy-hugo-modules/wowchemy v0.0.0-20201228231801-219b05cbd2c4 h1:EIk8PqNiLg1YcddZWwh2Khgvfkxh5KSX5hNsI7UBJVM=
github.com/wowchemy/wowchemy-hugo-modules/wowchemy v0.0.0-20201228231801-219b05cbd2c4/go.mod h1:H22qfH9qj3FWwsk7+bAZpmT24yRGNQURah2/IRwjbn8=
github.com/wowchemy/wowchemy-hugo-modules/wowchemy v0.0.0-20210123180413-7dbc1f73edfd h1:dMMvFBC6oOVTVt28kM8VlnNcKUGnMwtdGbLd0MdPywY=
github.com/wowchemy/wowchemy-hugo-modules/wowchemy v0.0.0-20210123180413-7dbc1f73edfd/go.mod h1:H22qfH9qj3FWwsk7+bAZpmT24yRGNQURah2/IRwjbn8=
github.com/wowchemy/wowchemy-hugo-modules/wowchemy v0.0.0-20210210082528-c36f3b7878d9 h1:sUo4cGbBKhWMQ4ZaF8sXXYg5bOme+P0tTjs7m3ab0b4=
github.com/wowchemy/wowchemy-hugo-modules/wowchemy v0.0.0-20210210082528-c36f3b7878d9/go.mod h1:H22qfH9qj3FWwsk7+bAZpmT24yRGNQURah2/IRwjbn8=
github.com/wowchemy/wowchemy-hugo-modules/wowchemy v0.0.0-20210217222139-68595a20aead h1:mn44MABTJQiXL1QXTnptmBX/o3ZNLml5gMrkXDmuyK0=
github.com/wowchemy/wowchemy-hugo-modules/wowchemy v0.0.0-20210217222139-68595a20aead/go.mod h1:H22qfH9qj3FWwsk7+bAZpmT24yRGNQURah2/IRwjbn8=
github.com/wowchemy/wowchemy-hugo-modules/wowchemy v0.0.0-20210226001249-33e92dc8cb16 h1:usYbe2pG2QgF7EXjX2Anw/kY/1Yrez6upgvlvaAcqwc=
github.com/wowchemy/wowchemy-hugo-modules/wowchemy v0.0.0-20210226001249-33e92dc8cb16/go.mod h1:H22qfH9qj3FWwsk7+bAZpmT24yRGNQURah2/IRwjbn8=
github.com/wowchemy/wowchemy-hugo-modules/wowchemy v0.0.0-20210226164504-3952bfc85cee h1:fzgNvnmzCL2gjkMPme48DVakKsRw/iWKJIRgXyYI/bg=
github.com/wowchemy/wowchemy-hugo-modules/wowchemy v0.0.0-20210226164504-3952bfc85cee/go.mod h1:H22qfH9qj3FWwsk7+bAZpmT24yRGNQURah2/IRwjbn8=
github.com/wowchemy/wowchemy-hugo-modules/wowchemy v0.0.0-20210304190051-d70e23ef558a h1:ABfBmU9MhMJSN8nCYlKs1W7W8TpfGyXDACoVDtHxnr0=
github.com/wowchemy/wowchemy-hugo-modules/wowchemy v0.0.0-20210304190051-d70e23ef558a/go.mod h1:H22qfH9qj3FWwsk7+bAZpmT24yRGNQURah2/IRwjbn8=
github.com/wowchemy/wowchemy-hugo-modules/wowchemy v0.0.0-20210308212518-cf32fde82412 h1:b+jVPvLDCUVMVpoY+cXmpPrQEsms/6rej/8xQfVHPV0=
github.com/wowchemy/wowchemy-hugo-modules/wowchemy v0.0.0-20210308212518-cf32fde82412/go.mod h1:H22qfH9qj3FWwsk7+bAZpmT24yRGNQURah2/IRwjbn8=
github.com/wowchemy/wowchemy-hugo-modules/wowchemy v0.0.0-20210324194200-fda9f39d872e h1:pjf3ttOUrGyqXqFE5HD4zROl5nVD7X06ejz5TwLuwtk=
github.com/wowchemy/wowchemy-hugo-modules/wowchemy v0.0.0-20210324194200-fda9f39d872e/go.mod h1:H22qfH9qj3FWwsk7+bAZpmT24yRGNQURah2/IRwjbn8=
